{
  "name": "ubit-newsletter",
  "version": "1.0.0",
  "lockfileVersion": 3,
  "requires": true,
  "packages": {
    "": {
      "name": "ubit-newsletter",
      "version": "1.0.0",
      "license": "ISC",
      "dependencies": {
        "gow": "^1.13.1"
      }
    },
    "node_modules/gow": {
      "version": "1.13.1",
      "resolved": "https://registry.npmjs.org/gow/-/gow-1.13.1.tgz",
      "integrity": "sha512-X/5KyO8FwkYs9djBef+pJfsmY7p/0ApQbvLYKauZcmNHl/Z40ti1IEdW8WmldUO2sn1JAZXDI94zMoEWIWnjUg==",
      "license": "LGPL-3.0",
      "bin": {
        "gow": "bin/index.js"
      }
    }
  }
}
